<?xml version="1.0" encoding="utf-8"?>
<Project ToolsVersion="4.0" xmlns="http://schemas.microsoft.com/developer/msbuild/2003">
  <ItemGroup>
    <Filter Include="Source Files">
      <UniqueIdentifier>{4FC737F1-C7A5-4376-A066-2A32D752A2FF}</UniqueIdentifier>
      <Extensions>cpp;c;cc;cxx;def;odl;idl;hpj;bat;asm;asmx</Extensions>
    </Filter>
    <Filter Include="Header Files">
      <UniqueIdentifier>{93995380-89BD-4b04-88EB-625FBE52EBFB}</UniqueIdentifier>
      <Extensions>h;hh;hpp;hxx;hm;inl;inc;xsd</Extensions>
    </Filter>
    <Filter Include="Resource Files">
      <UniqueIdentifier>{67DA6AB6-F800-4c08-8B7A-83BB121AAD01}</UniqueIdentifier>
      <Extensions>rc;ico;cur;bmp;dlg;rc2;rct;bin;rgs;gif;jpg;jpeg;jpe;resx;tiff;tif;png;wav;mfcribbon-ms</Extensions>
    </Filter>
    <Filter Include="Header Files\Internal">
      <UniqueIdentifier>{b8eb728d-f73e-4203-80bc-659e17ad239f}</UniqueIdentifier>
    </Filter>
    <Filter Include="Header Files\Public">
      <UniqueIdentifier>{462ae13c-6133-42cd-8d5c-2d2ed179b5db}</UniqueIdentifier>
    </Filter>
    <Filter Include="Source Files\Internal">
      <UniqueIdentifier>{d8ea97f4-57ff-4497-b224-9a02980ce91c}</UniqueIdentifier>
    </Filter>
  </ItemGroup>
  <ItemGroup>
    <ClInclude Include="PSView2.h">
      <Filter>Header Files</Filter>
    </ClInclude>
    <ClInclude Include="resource.h">
      <Filter>Header Files</Filter>
    </ClInclude>
    <ClInclude Include="psmod.h">
      <Filter>Header Files</Filter>
    </ClInclude>
    <ClInclude Include="AddressList.h">
      <Filter>Header Files\Internal</Filter>
    </ClInclude>
    <ClInclude Include="BitField.h">
      <Filter>Header Files\Internal</Filter>
    </ClInclude>
    <ClInclude Include="LoWordList.h">
      <Filter>Header Files\Internal</Filter>
    </ClInclude>
    <ClInclude Include="AddressBlock.h">
      <Filter>Header Files\Internal</Filter>
    </ClInclude>
    <ClInclude Include="IProgressIndicator.h">
      <Filter>Header Files\Public</Filter>
    </ClInclude>
    <ClInclude Include="Stdafx.h">
      <Filter>Header Files\Internal</Filter>
    </ClInclude>
  </ItemGroup>
  <ItemGroup>
    <ClCompile Include="PSView2.cpp">
      <Filter>Source Files</Filter>
    </ClCompile>
    <ClCompile Include="AssemblyInfo.cpp">
      <Filter>Source Files</Filter>
    </ClCompile>
    <ClCompile Include="psmod.cpp">
      <Filter>Source Files</Filter>
    </ClCompile>
    <ClCompile Include="AddressList.cpp">
      <Filter>Source Files\Internal</Filter>
    </ClCompile>
    <ClCompile Include="LoWordList.cpp">
      <Filter>Source Files\Internal</Filter>
    </ClCompile>
    <ClCompile Include="AddressBlock.cpp">
      <Filter>Source Files\Internal</Filter>
    </ClCompile>
    <ClCompile Include="Stdafx.cpp">
      <Filter>Source Files\Internal</Filter>
    </ClCompile>
  </ItemGroup>
  <ItemGroup>
    <ResourceCompile Include="app.rc">
      <Filter>Resource Files</Filter>
    </ResourceCompile>
  </ItemGroup>
  <ItemGroup>
    <Image Include="app.ico">
      <Filter>Resource Files</Filter>
    </Image>
  </ItemGroup>
</Project>